
Microsoft Visual Studio Solution File, Format Version 12.00
# Visual Studio Version 16
VisualStudioVersion = 16.0.34114.132
MinimumVisualStudioVersion = 10.0.40219.1
Project("{8BC9CEB8-8B4A-11D0-8D11-00A0C91BC942}") = "ProjectEntity", "ProjectEntity\ProjectEntity.vcxproj", "{F9DDDBD8-F8CF-45FF-964A-8F06E578166F}"
EndProject
Global
	GlobalSection(SolutionConfigurationPlatforms) = preSolution
		Debug|x64 = Debug|x64
		Debug|x86 = Debug|x86
		Release|x64 = Release|x64
		Release|x86 = Release|x86
	EndGlobalSection
	GlobalSection(ProjectConfigurationPlatforms) = postSolution
		{F9DDDBD8-F8CF-45FF-964A-8F06E578166F}.Debug|x64.ActiveCfg = Debug|x64
		{F9DDDBD8-F8CF-45FF-964A-8F06E578166F}.Debug|x64.Build.0 = Debug|x64
		{F9DDDBD8-F8CF-45FF-964A-8F06E578166F}.Debug|x86.ActiveCfg = Debug|Win32
		{F9DDDBD8-F8CF-45FF-964A-8F06E578166F}.Debug|x86.Build.0 = Debug|Win32
		{F9DDDBD8-F8CF-45FF-964A-8F06E578166F}.Release|x64.ActiveCfg = Release|x64
		{F9DDDBD8-F8CF-45FF-964A-8F06E578166F}.Release|x64.Build.0 = Release|x64
		{F9DDDBD8-F8CF-45FF-964A-8F06E578166F}.Release|x86.ActiveCfg = Release|Win32
		{F9DDDBD8-F8CF-45FF-964A-8F06E578166F}.Release|x86.Build.0 = Release|Win32
	EndGlobalSection
	GlobalSection(SolutionProperties) = preSolution
		HideSolutionNode = FALSE
	EndGlobalSection
	GlobalSection(ExtensibilityGlobals) = postSolution
		SolutionGuid = {F45FE2E6-1D3C-4F8A-AAD1-0E662A8F5433}
	EndGlobalSection
EndGlobal
